
Microsoft Visual Studio Solution File, Format Version 12.00
# Visual Studio 15
VisualStudioVersion = 15.0.28010.2003
MinimumVisualStudioVersion = 10.0.40219.1
Project("{FAE04EC0-301F-11D3-BF4B-00C04F79EFBC}") = "RuleEngineChallenge", "RuleEngineChallenge\RuleEngineChallenge.csproj", "{428487FF-0C8E-446D-B7C2-9C664F12EF79}"
EndProject
Project("{FAE04EC0-301F-11D3-BF4B-00C04F79EFBC}") = "RuleEngineApp", "RuleEngineApp\RuleEngineApp.csproj", "{4D5A0A19-A164-4C08-8E5D-EB338A21D68B}"
EndProject
Global
	GlobalSection(SolutionConfigurationPlatforms) = preSolution
		Debug|Any CPU = Debug|Any CPU
		Release|Any CPU = Release|Any CPU
	EndGlobalSection
	GlobalSection(ProjectConfigurationPlatforms) = postSolution
		{428487FF-0C8E-446D-B7C2-9C664F12EF79}.Debug|Any CPU.ActiveCfg = Debug|Any CPU
		{428487FF-0C8E-446D-B7C2-9C664F12EF79}.Debug|Any CPU.Build.0 = Debug|Any CPU
		{428487FF-0C8E-446D-B7C2-9C664F12EF79}.Release|Any CPU.ActiveCfg = Release|Any CPU
		{428487FF-0C8E-446D-B7C2-9C664F12EF79}.Release|Any CPU.Build.0 = Release|Any CPU
		{4D5A0A19-A164-4C08-8E5D-EB338A21D68B}.Debug|Any CPU.ActiveCfg = Debug|Any CPU
		{4D5A0A19-A164-4C08-8E5D-EB338A21D68B}.Debug|Any CPU.Build.0 = Debug|Any CPU
		{4D5A0A19-A164-4C08-8E5D-EB338A21D68B}.Release|Any CPU.ActiveCfg = Release|Any CPU
		{4D5A0A19-A164-4C08-8E5D-EB338A21D68B}.Release|Any CPU.Build.0 = Release|Any CPU
	EndGlobalSection
	GlobalSection(SolutionProperties) = preSolution
		HideSolutionNode = FALSE
	EndGlobalSection
	GlobalSection(ExtensibilityGlobals) = postSolution
		SolutionGuid = {499A7273-4D88-4055-9012-3876DAA558D6}
	EndGlobalSection
EndGlobal
